<Solution>
  <Folder Name="/infra/">
    <File Path="infra/README.md" />
  </Folder>
  <Folder Name="/infra/environments/" />
  <Folder Name="/infra/environments/dev/">
    <File Path="infra/environments/dev/main.tf" />
    <File Path="infra/environments/dev/variables.tf" />
    <File Path="infra/environments/dev/terraform.tfvars" />
    <File Path="infra/environments/dev/terraform.tfvars.example" />
  </Folder>
  <Folder Name="/infra/environments/prod/">
    <File Path="infra/environments/prod/main.tf" />
    <File Path="infra/environments/prod/variables.tf" />
    <File Path="infra/environments/prod/terraform.tfvars" />
    <File Path="infra/environments/prod/terraform.tfvars.example" />
  </Folder>
  <Folder Name="/infra/modules/" />
  <Folder Name="/infra/modules/compute/">
    <File Path="infra/modules/compute/main.tf" />
    <File Path="infra/modules/compute/outputs.tf" />
    <File Path="infra/modules/compute/variables.tf" />
  </Folder>
  <Folder Name="/infra/modules/iam/">
    <File Path="infra/modules/iam/main.tf" />
    <File Path="infra/modules/iam/outputs.tf" />
    <File Path="infra/modules/iam/variables.tf" />
  </Folder>
  <Folder Name="/infra/modules/scheduler/">
    <File Path="infra/modules/scheduler/main.tf" />
    <File Path="infra/modules/scheduler/variables.tf" />
  </Folder>
  <Folder Name="/infra/modules/storage/">
    <File Path="infra/modules/storage/main.tf" />
    <File Path="infra/modules/storage/outputs.tf" />
    <File Path="infra/modules/storage/variables.tf" />
  </Folder>
  <Folder Name="/solution-items/">
    <File Path=".editorconfig" />
    <File Path=".gitignore" />
    <File Path="Directory.Build.props" />
    <File Path="Directory.Packages.props" />
    <File Path="LofiRadio.slnx" />
    <File Path="README.md" />
  </Folder>
  <Folder Name="/src/">
    <Project Path="src/Radio.Domain/Radio.Domain.csproj" />
    <Project Path="src/Radio.Application/Radio.Application.csproj" />
    <Project Path="src/Radio.Infrastructure/Radio.Infrastructure.csproj" />
    <Project Path="src/Radio.Web/Radio.Web.csproj" />
  </Folder>
  <Folder Name="/src/Radio.Worker/">
    <File Path="src/Radio.Worker/requirements.txt" />
    <File Path="src/Radio.Worker/Dockerfile" />
  </Folder>
  <Folder Name="/src/Radio.Worker/src/">
    <File Path="src/Radio.Worker/src/assembler.py" />
    <File Path="src/Radio.Worker/src/config.py" />
    <File Path="src/Radio.Worker/src/firestore_db.py" />
    <File Path="src/Radio.Worker/src/gcs.py" />
    <File Path="src/Radio.Worker/src/generator.py" />
    <File Path="src/Radio.Worker/src/main.py" />
    <File Path="src/Radio.Worker/src/prompts_data.py" />
  </Folder>
  <Folder Name="/test/">
    <Project Path="test/Radio.Tests/Radio.Tests.csproj" />
  </Folder>
</Solution>
